
Microsoft Visual Studio Solution File, Format Version 12.00
# Visual Studio 15
Project("{FAE04EC0-301F-11D3-BF4B-00C04F79EFBC}") = "Assembly-CSharp", "Assembly-CSharp.csproj", "{1187B475-720D-99FD-EC38-A2061C92BD10}"
EndProject
Project("{FAE04EC0-301F-11D3-BF4B-00C04F79EFBC}") = "Tests", "Tests.csproj", "{6EF96B70-68E5-ACA9-2988-95A824964049}"
EndProject
Global
	GlobalSection(SolutionConfigurationPlatforms) = preSolution
		Debug|Any CPU = Debug|Any CPU
		Release|Any CPU = Release|Any CPU
	EndGlobalSection
	GlobalSection(ProjectConfigurationPlatforms) = postSolution
		{1187B475-720D-99FD-EC38-A2061C92BD10}.Debug|Any CPU.ActiveCfg = Debug|Any CPU
		{1187B475-720D-99FD-EC38-A2061C92BD10}.Debug|Any CPU.Build.0 = Debug|Any CPU
		{1187B475-720D-99FD-EC38-A2061C92BD10}.Release|Any CPU.ActiveCfg = Release|Any CPU
		{1187B475-720D-99FD-EC38-A2061C92BD10}.Release|Any CPU.Build.0 = Release|Any CPU
		{6EF96B70-68E5-ACA9-2988-95A824964049}.Debug|Any CPU.ActiveCfg = Debug|Any CPU
		{6EF96B70-68E5-ACA9-2988-95A824964049}.Debug|Any CPU.Build.0 = Debug|Any CPU
		{6EF96B70-68E5-ACA9-2988-95A824964049}.Release|Any CPU.ActiveCfg = Release|Any CPU
		{6EF96B70-68E5-ACA9-2988-95A824964049}.Release|Any CPU.Build.0 = Release|Any CPU
	EndGlobalSection
	GlobalSection(SolutionProperties) = preSolution
		HideSolutionNode = FALSE
	EndGlobalSection
EndGlobal
